{
  "name": "bio",
  "lockfileVersion": 2,
  "requires": true,
  "packages": {
    "": {
      "dependencies": {
        "@fontsource/hauora-sans": "^5.0.7"
      }
    },
    "node_modules/@fontsource/hauora-sans": {
      "version": "5.0.7",
      "resolved": "https://registry.npmjs.org/@fontsource/hauora-sans/-/hauora-sans-5.0.7.tgz",
      "integrity": "sha512-2Fw3qKnhPv7OIyqkZodGKa6GpVpD3hv2gmsThjAOkA68w/D7aWLIqnKI9FlYPcb1Gr0C3Eql2m06nLwDB4ZXDg=="
    }
  },
  "dependencies": {
    "@fontsource/hauora-sans": {
      "version": "5.0.7",
      "resolved": "https://registry.npmjs.org/@fontsource/hauora-sans/-/hauora-sans-5.0.7.tgz",
      "integrity": "sha512-2Fw3qKnhPv7OIyqkZodGKa6GpVpD3hv2gmsThjAOkA68w/D7aWLIqnKI9FlYPcb1Gr0C3Eql2m06nLwDB4ZXDg=="
    }
  }
}
